
Microsoft Visual Studio Solution File, Format Version 12.00
# Visual Studio 2015
Project("{FAE04EC0-301F-11D3-BF4B-00C04F79EFBC}") = "Rolling_ball.CSharp", "Rolling_ball.CSharp.csproj", "{17FB98CC-33A1-8AC3-F910-962AF1E53FAE}"
EndProject
Global
	GlobalSection(SolutionConfigurationPlatforms) = preSolution
		Debug|Any CPU = Debug|Any CPU
		Release|Any CPU = Release|Any CPU
	EndGlobalSection
	GlobalSection(ProjectConfigurationPlatforms) = postSolution
		{17FB98CC-33A1-8AC3-F910-962AF1E53FAE}.Debug|Any CPU.ActiveCfg = Debug|Any CPU
		{17FB98CC-33A1-8AC3-F910-962AF1E53FAE}.Debug|Any CPU.Build.0 = Debug|Any CPU
		{17FB98CC-33A1-8AC3-F910-962AF1E53FAE}.Release|Any CPU.ActiveCfg = Release|Any CPU
		{17FB98CC-33A1-8AC3-F910-962AF1E53FAE}.Release|Any CPU.Build.0 = Release|Any CPU
	EndGlobalSection
	GlobalSection(SolutionProperties) = preSolution
		HideSolutionNode = FALSE
	EndGlobalSection
EndGlobal
